{
    "hash": "4e5026a2c29742e1176597fe94f15bbb",
    "packages": [
        {
            "name": "desarrolla2/cache",
            "version": "dev-master",
            "source": {
                "type": "git",
                "url": "https://github.com/desarrolla2/Cache.git",
                "reference": "8b2cc1349e776df47de755981807735c9e668fef"
            },
            "dist": {
                "type": "zip",
                "url": "https://github.com/desarrolla2/Cache/archive/8b2cc1349e776df47de755981807735c9e668fef.zip",
                "reference": "8b2cc1349e776df47de755981807735c9e668fef",
                "shasum": ""
            },
            "require": {
                "php": ">=5.3.0"
            },
            "require-dev": {
                "desarrolla2/timer": "dev-master"
            },
            "time": "2012-11-30 08:48:37",
            "type": "library",
            "installation-source": "source",
            "autoload": {
                "psr-0": {
                    "Desarrolla2\\Cache\\": "src/"
                }
            },
            "notification-url": "https://packagist.org/downloads/",
            "license": [
                "MIT"
            ],
            "authors": [
                {
                    "name": "Daniel González",
                    "homepage": "http://desarrolla2.com/",
                    "role": "Developer"
                }
            ],
            "description": "Provides an cache interface for several adapters (Apc, File, Mongo, Memcached, Mysql, ... )",
            "homepage": "https://github.com/desarrolla2/Cache/blob/master/README.md",
            "keywords": [
                "redis",
                "file",
                "cache",
                "mysql",
                "apc",
                "mongo",
                "memcached"
            ]
        },
        {
            "name": "ezyang/htmlpurifier",
            "version": "dev-master",
            "source": {
                "type": "git",
                "url": "git://github.com/ezyang/htmlpurifier.git",
                "reference": "8a8b123d3322d24d77114dfa767a5eafbe9ff24b"
            },
            "dist": {
                "type": "zip",
                "url": "https://github.com/ezyang/htmlpurifier/archive/8a8b123d3322d24d77114dfa767a5eafbe9ff24b.zip",
                "reference": "8a8b123d3322d24d77114dfa767a5eafbe9ff24b",
                "shasum": ""
            },
            "require": {
                "php": ">=5.2"
            },
            "time": "2012-09-16 16:11:46",
            "type": "library",
            "installation-source": "source",
            "autoload": {
                "classmap": [
                    "library/"
                ]
            },
            "notification-url": "https://packagist.org/downloads/",
            "license": [
                "LGPL"
            ],
            "authors": [
                {
                    "name": "Edward Z. Yang",
                    "email": "admin@htmlpurifier.org",
                    "homepage": "http://ezyang.com"
                }
            ],
            "description": "Standards compliant HTML filter written in PHP",
            "homepage": "http://htmlpurifier.org/",
            "keywords": [
                "html"
            ]
        },
        {
            "name": "guzzle/guzzle",
            "version": "dev-master",
            "source": {
                "type": "git",
                "url": "https://github.com/guzzle/guzzle",
                "reference": "3eb19b745b46e82440981163be69eb9f4de5b664"
            },
            "dist": {
                "type": "zip",
                "url": "https://github.com/guzzle/guzzle/archive/3eb19b745b46e82440981163be69eb9f4de5b664.zip",
                "reference": "3eb19b745b46e82440981163be69eb9f4de5b664",
                "shasum": ""
            },
            "require": {
                "php": ">=5.3.2",
                "ext-curl": "*",
                "symfony/event-dispatcher": ">=2.1"
            },
            "replace": {
                "guzzle/common": "self.version",
                "guzzle/http": "self.version",
                "guzzle/parser": "self.version",
                "guzzle/batch": "self.version",
                "guzzle/cache": "self.version",
                "guzzle/inflection": "self.version",
                "guzzle/iterator": "self.version",
                "guzzle/log": "self.version",
                "guzzle/plugin": "self.version",
                "guzzle/plugin-async": "self.version",
                "guzzle/plugin-backoff": "self.version",
                "guzzle/plugin-cache": "self.version",
                "guzzle/plugin-cookie": "self.version",
                "guzzle/plugin-curlauth": "self.version",
                "guzzle/plugin-history": "self.version",
                "guzzle/plugin-log": "self.version",
                "guzzle/plugin-mock": "self.version",
                "guzzle/plugin-oauth": "self.version",
                "guzzle/service": "self.version",
                "guzzle/stream": "self.version",
                "guzzle/plugin-md5": "self.version"
            },
            "require-dev": {
                "doctrine/common": "*",
                "symfony/class-loader": "*",
                "monolog/monolog": "1.*",
                "zend/zend-log1": "1.12",
                "zend/zend-cache1": "1.12",
                "zendframework/zend-cache": "2.0.*",
                "zendframework/zend-log": "2.0.*",
                "phpunit/phpunit": "3.7.*"
            },
            "suggest": {
                "symfony/class-loader": "*",
                "monolog/monolog": "*",
                "zend/zend-cache": "2.0.0beta3",
                "zend/zend-log": "2.0.0beta3"
            },
            "time": "2012-12-11 02:35:58",
            "type": "library",
            "extra": {
                "branch-alias": {
                    "dev-master": "3.0-dev"
                }
            },
            "installation-source": "source",
            "autoload": {
                "psr-0": {
                    "Guzzle\\Tests": "tests/",
                    "Guzzle": "src/"
                }
            },
            "notification-url": "https://packagist.org/downloads/",
            "license": [
                "MIT"
            ],
            "authors": [
                {
                    "name": "Michael Dowling",
                    "email": "mtdowling@gmail.com",
                    "homepage": "https://github.com/mtdowling"
                },
                {
                    "name": "Guzzle Community",
                    "homepage": "https://github.com/guzzle/guzzle/contributors"
                }
            ],
            "description": "Guzzle is a PHP HTTP client library and framework for building RESTful web service clients",
            "homepage": "http://guzzlephp.org/",
            "keywords": [
                "framework",
                "curl",
                "http",
                "rest",
                "http client",
                "client",
                "web service"
            ]
        },
        {
            "name": "symfony/event-dispatcher",
            "version": "dev-master",
            "target-dir": "Symfony/Component/EventDispatcher",
            "source": {
                "type": "git",
                "url": "https://github.com/symfony/EventDispatcher",
                "reference": "eb290a447c0af5bea0d3de5d95d498afd8c82f89"
            },
            "dist": {
                "type": "zip",
                "url": "https://github.com/symfony/EventDispatcher/archive/eb290a447c0af5bea0d3de5d95d498afd8c82f89.zip",
                "reference": "eb290a447c0af5bea0d3de5d95d498afd8c82f89",
                "shasum": ""
            },
            "require": {
                "php": ">=5.3.3"
            },
            "require-dev": {
                "symfony/dependency-injection": "2.2.*"
            },
            "suggest": {
                "symfony/dependency-injection": "2.2.*",
                "symfony/http-kernel": "2.2.*"
            },
            "time": "2012-11-13 14:08:04",
            "type": "library",
            "extra": {
                "branch-alias": {
                    "dev-master": "2.2-dev"
                }
            },
            "installation-source": "source",
            "autoload": {
                "psr-0": {
                    "Symfony\\Component\\EventDispatcher\\": ""
                }
            },
            "notification-url": "https://packagist.org/downloads/",
            "license": [
                "MIT"
            ],
            "authors": [
                {
                    "name": "Fabien Potencier",
                    "email": "fabien@symfony.com"
                },
                {
                    "name": "Symfony Community",
                    "homepage": "http://symfony.com/contributors"
                }
            ],
            "description": "Symfony EventDispatcher Component",
            "homepage": "http://symfony.com"
        }
    ],
    "packages-dev": null,
    "aliases": [

    ],
    "minimum-stability": "dev",
    "stability-flags": {
        "ezyang/htmlpurifier": 20,
        "desarrolla2/cache": 20
    }
}
