{
    "hash": "b6c36abf7542ce97f41f82a3a8ee16c1",
    "packages": [
        {
            "package": "desarrolla2/cache",
            "version": "dev-master",
            "source-reference": "c13e27941691775d3430b0f937318f62fb793c62",
            "commit-date": "1349222215"
        },
        {
            "package": "ezyang/htmlpurifier",
            "version": "dev-master",
            "source-reference": "8a8b123d3322d24d77114dfa767a5eafbe9ff24b",
            "commit-date": "1347811906"
        }
    ],
    "packages-dev": null,
    "aliases": [

    ],
    "minimum-stability": "dev",
    "stability-flags": {
        "ezyang/htmlpurifier": 20,
        "desarrolla2/cache": 20
    }
}
